<?xml version="1.0" encoding="utf-8"?>
<Project ToolsVersion="4.0" xmlns="http://schemas.microsoft.com/developer/msbuild/2003">
  <ItemGroup>
    <ClInclude Include="main.t.h">
      <Filter>Header Files</Filter>
    </ClInclude>
    <ClInclude Include="vocabulary.t.h">
      <Filter>Header Files</Filter>
    </ClInclude>
    <ClInclude Include="types.t.h">
      <Filter>Header Files</Filter>
    </ClInclude>
  </ItemGroup>
  <ItemGroup>
    <Filter Include="Source Files">
      <UniqueIdentifier>{e9d3ae90-9104-4f9c-b97d-8e7de6cc13d3}</UniqueIdentifier>
    </Filter>
    <Filter Include="Header Files">
      <UniqueIdentifier>{53fd56fe-20f5-4086-82b2-bf5d0c59749d}</UniqueIdentifier>
    </Filter>
  </ItemGroup>
  <ItemGroup>
    <ClCompile Include="main.c">
      <Filter>Source Files</Filter>
    </ClCompile>
  </ItemGroup>
</Project>