<?xml version="1.0" encoding="utf-8"?>
<Project ToolsVersion="4.0" xmlns="http://schemas.microsoft.com/developer/msbuild/2003">
  <ItemGroup>
    <Filter Include="Source Files">
      <UniqueIdentifier>{4FC737F1-C7A5-4376-A066-2A32D752A2FF}</UniqueIdentifier>
      <Extensions>cpp;c;cc;cxx;def;odl;idl;hpj;bat;asm;asmx</Extensions>
    </Filter>
    <Filter Include="Header Files">
      <UniqueIdentifier>{93995380-89BD-4b04-88EB-625FBE52EBFB}</UniqueIdentifier>
      <Extensions>h;hpp;hxx;hm;inl;inc;xsd</Extensions>
    </Filter>
  </ItemGroup>
  <ItemGroup>
    <None Include="motel.def">
      <Filter>Source Files</Filter>
    </None>
  </ItemGroup>
  <ItemGroup>
    <ClCompile Include="motel.string.c">
      <Filter>Source Files</Filter>
    </ClCompile>
    <ClCompile Include="motel.memory.c">
      <Filter>Source Files</Filter>
    </ClCompile>
    <ClCompile Include="motel.tree.c">
      <Filter>Source Files</Filter>
    </ClCompile>
    <ClCompile Include="motel.aleatory.c">
      <Filter>Source Files</Filter>
    </ClCompile>
    <ClCompile Include="motel.questa.c">
      <Filter>Source Files</Filter>
    </ClCompile>
  </ItemGroup>
  <ItemGroup>
    <ClInclude Include="motel.compilation.t.h">
      <Filter>Header Files</Filter>
    </ClInclude>
    <ClInclude Include="motel.io.i.h">
      <Filter>Header Files</Filter>
    </ClInclude>
    <ClInclude Include="motel.io.t.h">
      <Filter>Header Files</Filter>
    </ClInclude>
    <ClInclude Include="motel.math.t.h">
      <Filter>Header Files</Filter>
    </ClInclude>
    <ClInclude Include="motel.memory.h">
      <Filter>Header Files</Filter>
    </ClInclude>
    <ClInclude Include="motel.memory.i.h">
      <Filter>Header Files</Filter>
    </ClInclude>
    <ClInclude Include="motel.node.t.h">
      <Filter>Header Files</Filter>
    </ClInclude>
    <ClInclude Include="motel.results.t.h">
      <Filter>Header Files</Filter>
    </ClInclude>
    <ClInclude Include="motel.signal.t.h">
      <Filter>Header Files</Filter>
    </ClInclude>
    <ClInclude Include="motel.string.h">
      <Filter>Header Files</Filter>
    </ClInclude>
    <ClInclude Include="motel.string.i.h">
      <Filter>Header Files</Filter>
    </ClInclude>
    <ClInclude Include="motel.string.t.h">
      <Filter>Header Files</Filter>
    </ClInclude>
    <ClInclude Include="motel.types.t.h">
      <Filter>Header Files</Filter>
    </ClInclude>
    <ClInclude Include="motel.tree.h">
      <Filter>Header Files</Filter>
    </ClInclude>
    <ClInclude Include="motel.tree.i.h">
      <Filter>Header Files</Filter>
    </ClInclude>
    <ClInclude Include="motel.tree.t.h">
      <Filter>Header Files</Filter>
    </ClInclude>
    <ClInclude Include="motel.aleatory.h">
      <Filter>Header Files</Filter>
    </ClInclude>
    <ClInclude Include="motel.aleatory.i.h">
      <Filter>Header Files</Filter>
    </ClInclude>
    <ClInclude Include="motel.aleatory.t.h">
      <Filter>Header Files</Filter>
    </ClInclude>
    <ClInclude Include="motel.questa.h">
      <Filter>Header Files</Filter>
    </ClInclude>
    <ClInclude Include="motel.questa.i.h">
      <Filter>Header Files</Filter>
    </ClInclude>
    <ClInclude Include="motel.questa.t.h">
      <Filter>Header Files</Filter>
    </ClInclude>
    <ClInclude Include="motel.memory.t.h">
      <Filter>Header Files</Filter>
    </ClInclude>
  </ItemGroup>
</Project>